
Microsoft Visual Studio Solution File, Format Version 12.00
# Visual Studio 15
VisualStudioVersion = 15.0.27703.2026
MinimumVisualStudioVersion = 10.0.40219.1
Project("{FAE04EC0-301F-11D3-BF4B-00C04F79EFBC}") = "SIPSplunk2", "SIPSplunk2\SIPSplunk2.csproj", "{7AEB927F-8327-4CE9-99C4-04747849C0DF}"
EndProject
Global
	GlobalSection(SolutionConfigurationPlatforms) = preSolution
		Debug|Any CPU = Debug|Any CPU
		Release|Any CPU = Release|Any CPU
	EndGlobalSection
	GlobalSection(ProjectConfigurationPlatforms) = postSolution
		{7AEB927F-8327-4CE9-99C4-04747849C0DF}.Debug|Any CPU.ActiveCfg = Debug|Any CPU
		{7AEB927F-8327-4CE9-99C4-04747849C0DF}.Debug|Any CPU.Build.0 = Debug|Any CPU
		{7AEB927F-8327-4CE9-99C4-04747849C0DF}.Release|Any CPU.ActiveCfg = Release|Any CPU
		{7AEB927F-8327-4CE9-99C4-04747849C0DF}.Release|Any CPU.Build.0 = Release|Any CPU
	EndGlobalSection
	GlobalSection(SolutionProperties) = preSolution
		HideSolutionNode = FALSE
	EndGlobalSection
	GlobalSection(ExtensibilityGlobals) = postSolution
		SolutionGuid = {8103AD9B-A587-4CC7-8A05-2080275202A7}
	EndGlobalSection
EndGlobal
